
Microsoft Visual Studio Solution File, Format Version 12.00
# Visual Studio 15
VisualStudioVersion = 15.0.26730.16
MinimumVisualStudioVersion = 10.0.40219.1
Project("{FAE04EC0-301F-11D3-BF4B-00C04F79EFBC}") = "XSS_MVC", "XSS_MVC\XSS_MVC.csproj", "{24EA1A9A-3DA0-4472-8E0D-374756EEE23F}"
EndProject
Project("{FAE04EC0-301F-11D3-BF4B-00C04F79EFBC}") = "BankingDifferent", "BankingDifferent\BankingDifferent.csproj", "{9B8EDDF9-989A-4C6D-907C-1F3F85A73A25}"
EndProject
Project("{FAE04EC0-301F-11D3-BF4B-00C04F79EFBC}") = "Evilsite", "Evilsite\Evilsite.csproj", "{3BEAA5FE-4D18-4174-A323-EB9B56A83CCA}"
EndProject
Global
	GlobalSection(SolutionConfigurationPlatforms) = preSolution
		Debug|Any CPU = Debug|Any CPU
		Release|Any CPU = Release|Any CPU
	EndGlobalSection
	GlobalSection(ProjectConfigurationPlatforms) = postSolution
		{24EA1A9A-3DA0-4472-8E0D-374756EEE23F}.Debug|Any CPU.ActiveCfg = Debug|Any CPU
		{24EA1A9A-3DA0-4472-8E0D-374756EEE23F}.Debug|Any CPU.Build.0 = Debug|Any CPU
		{24EA1A9A-3DA0-4472-8E0D-374756EEE23F}.Release|Any CPU.ActiveCfg = Release|Any CPU
		{24EA1A9A-3DA0-4472-8E0D-374756EEE23F}.Release|Any CPU.Build.0 = Release|Any CPU
		{9B8EDDF9-989A-4C6D-907C-1F3F85A73A25}.Debug|Any CPU.ActiveCfg = Debug|Any CPU
		{9B8EDDF9-989A-4C6D-907C-1F3F85A73A25}.Debug|Any CPU.Build.0 = Debug|Any CPU
		{9B8EDDF9-989A-4C6D-907C-1F3F85A73A25}.Release|Any CPU.ActiveCfg = Release|Any CPU
		{9B8EDDF9-989A-4C6D-907C-1F3F85A73A25}.Release|Any CPU.Build.0 = Release|Any CPU
		{3BEAA5FE-4D18-4174-A323-EB9B56A83CCA}.Debug|Any CPU.ActiveCfg = Debug|Any CPU
		{3BEAA5FE-4D18-4174-A323-EB9B56A83CCA}.Debug|Any CPU.Build.0 = Debug|Any CPU
		{3BEAA5FE-4D18-4174-A323-EB9B56A83CCA}.Release|Any CPU.ActiveCfg = Release|Any CPU
		{3BEAA5FE-4D18-4174-A323-EB9B56A83CCA}.Release|Any CPU.Build.0 = Release|Any CPU
	EndGlobalSection
	GlobalSection(SolutionProperties) = preSolution
		HideSolutionNode = FALSE
	EndGlobalSection
	GlobalSection(ExtensibilityGlobals) = postSolution
		SolutionGuid = {46297052-87A1-47C5-AE72-A03CBDA12F34}
	EndGlobalSection
EndGlobal
